{
  "repo": "openai/codex",
  "ref": "main",
  "path": ".codex/skills",
  "prefix": "code-review",
  "commit": "f53f5a6fed662bd6f352d08066925c871a061182",
  "synced": "2026-09-29",
  "skills": {
    "code-review": "1cbed61c6303895f560b5b43d3d7027d27d550d5",
    "code-review-breaking-changes": "2b09efabe46d88bb881f6b33b18d19e91ffb521e",
    "code-review-change-size": "47e98c61a4b4302e75b78bfb3540710c339288e3",
    "code-review-context": "54e96de695931966c1bd9e452fa82da60a1ba93a",
    "code-review-testing": "8c4b626bf548044bf84dc9f012510467ffdc4cda"
  }
}
